// !$*UTF8*$!
{
	archiveVersion = 1;
	classes = {
	};
	objectVersion = 50;
	objects = {

/* Begin PBXBuildFile section */
		4D536FCF299C1DBA0054334A /* SchoolListViewModel.swift in Sources */ = {isa = PBXBuildFile; fileRef = 4D536FCD299C1DB90054334A /* SchoolListViewModel.swift */; };
		4D536FD0299C1DBA0054334A /* SchoolAPI.swift in Sources */ = {isa = PBXBuildFile; fileRef = 4D536FCE299C1DBA0054334A /* SchoolAPI.swift */; };
		4D536FD2299C1EE80054334A /* SchoolListViewCell.swift in Sources */ = {isa = PBXBuildFile; fileRef = 4D536FD1299C1EE80054334A /* SchoolListViewCell.swift */; };
		4D536FD4299C264E0054334A /* School.swift in Sources */ = {isa = PBXBuildFile; fileRef = 4D536FD3299C264E0054334A /* School.swift */; };
		4D536FD6299C2C960054334A /* SchoolSAT.swift in Sources */ = {isa = PBXBuildFile; fileRef = 4D536FD5299C2C960054334A /* SchoolSAT.swift */; };
		4D536FD8299C55720054334A /* DetailsViewController.swift in Sources */ = {isa = PBXBuildFile; fileRef = 4D536FD7299C55720054334A /* DetailsViewController.swift */; };
		4D590D1A294BA39B00DE20C8 /* AppDelegate.swift in Sources */ = {isa = PBXBuildFile; fileRef = 4D590D19294BA39B00DE20C8 /* AppDelegate.swift */; };
		4D590D1C294BA39B00DE20C8 /* SceneDelegate.swift in Sources */ = {isa = PBXBuildFile; fileRef = 4D590D1B294BA39B00DE20C8 /* SceneDelegate.swift */; };
		4D590D1E294BA39B00DE20C8 /* ViewController.swift in Sources */ = {isa = PBXBuildFile; fileRef = 4D590D1D294BA39B00DE20C8 /* ViewController.swift */; };
		4D590D21294BA39B00DE20C8 /* Main.storyboard in Resources */ = {isa = PBXBuildFile; fileRef = 4D590D1F294BA39B00DE20C8 /* Main.storyboard */; };
		4D590D23294BA3A100DE20C8 /* Assets.xcassets in Resources */ = {isa = PBXBuildFile; fileRef = 4D590D22294BA3A100DE20C8 /* Assets.xcassets */; };
		4D590D26294BA3A100DE20C8 /* LaunchScreen.storyboard in Resources */ = {isa = PBXBuildFile; fileRef = 4D590D24294BA3A100DE20C8 /* LaunchScreen.storyboard */; };
		4D590D31294BA3A100DE20C8 /* NYCRXSchoolsTests.swift in Sources */ = {isa = PBXBuildFile; fileRef = 4D590D30294BA3A100DE20C8 /* NYCRXSchoolsTests.swift */; };
		4D590D3C294BA3A100DE20C8 /* NYCRXSchoolsUITests.swift in Sources */ = {isa = PBXBuildFile; fileRef = 4D590D3B294BA3A100DE20C8 /* NYCRXSchoolsUITests.swift */; };
/* End PBXBuildFile section */

/* Begin PBXContainerItemProxy section */
		4D590D2D294BA3A100DE20C8 /* PBXContainerItemProxy */ = {
			isa = PBXContainerItemProxy;
			containerPortal = 4D590D0E294BA39B00DE20C8 /* Project object */;
			proxyType = 1;
			remoteGlobalIDString = 4D590D15294BA39B00DE20C8;
			remoteInfo = NYCRXSchools;
		};
		4D590D38294BA3A100DE20C8 /* PBXContainerItemProxy */ = {
			isa = PBXContainerItemProxy;
			containerPortal = 4D590D0E294BA39B00DE20C8 /* Project object */;
			proxyType = 1;
			remoteGlobalIDString = 4D590D15294BA39B00DE20C8;
			remoteInfo = NYCRXSchools;
		};
/* End PBXContainerItemProxy section */

/* Begin PBXFileReference section */
		4D536FCD299C1DB90054334A /* SchoolListViewModel.swift */ = {isa = PBXFileReference; fileEncoding = 4; lastKnownFileType = sourcecode.swift; path = SchoolListViewModel.swift; sourceTree = "<group>"; };
		4D536FCE299C1DBA0054334A /* SchoolAPI.swift */ = {isa = PBXFileReference; fileEncoding = 4; lastKnownFileType = sourcecode.swift; path = SchoolAPI.swift; sourceTree = "<group>"; };
		4D536FD1299C1EE80054334A /* SchoolListViewCell.swift */ = {isa = PBXFileReference; lastKnownFileType = sourcecode.swift; path = SchoolListViewCell.swift; sourceTree = "<group>"; };
		4D536FD3299C264E0054334A /* School.swift */ = {isa = PBXFileReference; lastKnownFileType = sourcecode.swift; path = School.swift; sourceTree = "<group>"; };
		4D536FD5299C2C960054334A /* SchoolSAT.swift */ = {isa = PBXFileReference; lastKnownFileType = sourcecode.swift; path = SchoolSAT.swift; sourceTree = "<group>"; };
		4D536FD7299C55720054334A /* DetailsViewController.swift */ = {isa = PBXFileReference; lastKnownFileType = sourcecode.swift; path = DetailsViewController.swift; sourceTree = "<group>"; };
		4D590D16294BA39B00DE20C8 /* NYCRXSchools.app */ = {isa = PBXFileReference; explicitFileType = wrapper.application; includeInIndex = 0; path = NYCRXSchools.app; sourceTree = BUILT_PRODUCTS_DIR; };
		4D590D19294BA39B00DE20C8 /* AppDelegate.swift */ = {isa = PBXFileReference; lastKnownFileType = sourcecode.swift; path = AppDelegate.swift; sourceTree = "<group>"; };
		4D590D1B294BA39B00DE20C8 /* SceneDelegate.swift */ = {isa = PBXFileReference; lastKnownFileType = sourcecode.swift; path = SceneDelegate.swift; sourceTree = "<group>"; };
		4D590D1D294BA39B00DE20C8 /* ViewController.swift */ = {isa = PBXFileReference; lastKnownFileType = sourcecode.swift; path = ViewController.swift; sourceTree = "<group>"; };
		4D590D20294BA39B00DE20C8 /* Base */ = {isa = PBXFileReference; lastKnownFileType = file.storyboard; name = Base; path = Base.lproj/Main.storyboard; sourceTree = "<group>"; };
		4D590D22294BA3A100DE20C8 /* Assets.xcassets */ = {isa = PBXFileReference; lastKnownFileType = folder.assetcatalog; path = Assets.xcassets; sourceTree = "<group>"; };
		4D590D25294BA3A100DE20C8 /* Base */ = {isa = PBXFileReference; lastKnownFileType = file.storyboard; name = Base; path = Base.lproj/LaunchScreen.storyboard; sourceTree = "<group>"; };
		4D590D27294BA3A100DE20C8 /* Info.plist */ = {isa = PBXFileReference; lastKnownFileType = text.plist.xml; path = Info.plist; sourceTree = "<group>"; };
		4D590D2C294BA3A100DE20C8 /* NYCRXSchoolsTests.xctest */ = {isa = PBXFileReference; explicitFileType = wrapper.cfbundle; includeInIndex = 0; path = NYCRXSchoolsTests.xctest; sourceTree = BUILT_PRODUCTS_DIR; };
		4D590D30294BA3A100DE20C8 /* NYCRXSchoolsTests.swift */ = {isa = PBXFileReference; lastKnownFileType = sourcecode.swift; path = NYCRXSchoolsTests.swift; sourceTree = "<group>"; };
		4D590D32294BA3A100DE20C8 /* Info.plist */ = {isa = PBXFileReference; lastKnownFileType = text.plist.xml; path = Info.plist; sourceTree = "<group>"; };
		4D590D37294BA3A100DE20C8 /* NYCRXSchoolsUITests.xctest */ = {isa = PBXFileReference; explicitFileType = wrapper.cfbundle; includeInIndex = 0; path = NYCRXSchoolsUITests.xctest; sourceTree = BUILT_PRODUCTS_DIR; };
		4D590D3B294BA3A100DE20C8 /* NYCRXSchoolsUITests.swift */ = {isa = PBXFileReference; lastKnownFileType = sourcecode.swift; path = NYCRXSchoolsUITests.swift; sourceTree = "<group>"; };
		4D590D3D294BA3A100DE20C8 /* Info.plist */ = {isa = PBXFileReference; lastKnownFileType = text.plist.xml; path = Info.plist; sourceTree = "<group>"; };
/* End PBXFileReference section */

/* Begin PBXFrameworksBuildPhase section */
		4D590D13294BA39B00DE20C8 /* Frameworks */ = {
			isa = PBXFrameworksBuildPhase;
			buildActionMask = 2147483647;
			files = (
			);
			runOnlyForDeploymentPostprocessing = 0;
		};
		4D590D29294BA3A100DE20C8 /* Frameworks */ = {
			isa = PBXFrameworksBuildPhase;
			buildActionMask = 2147483647;
			files = (
			);
			runOnlyForDeploymentPostprocessing = 0;
		};
		4D590D34294BA3A100DE20C8 /* Frameworks */ = {
			isa = PBXFrameworksBuildPhase;
			buildActionMask = 2147483647;
			files = (
			);
			runOnlyForDeploymentPostprocessing = 0;
		};
/* End PBXFrameworksBuildPhase section */

/* Begin PBXGroup section */
		4D590D0D294BA39B00DE20C8 = {
			isa = PBXGroup;
			children = (
				4D590D18294BA39B00DE20C8 /* NYCRXSchools */,
				4D590D2F294BA3A100DE20C8 /* NYCRXSchoolsTests */,
				4D590D3A294BA3A100DE20C8 /* NYCRXSchoolsUITests */,
				4D590D17294BA39B00DE20C8 /* Products */,
			);
			sourceTree = "<group>";
		};
		4D590D17294BA39B00DE20C8 /* Products */ = {
			isa = PBXGroup;
			children = (
				4D590D16294BA39B00DE20C8 /* NYCRXSchools.app */,
				4D590D2C294BA3A100DE20C8 /* NYCRXSchoolsTests.xctest */,
				4D590D37294BA3A100DE20C8 /* NYCRXSchoolsUITests.xctest */,
			);
			name = Products;
			sourceTree = "<group>";
		};
		4D590D18294BA39B00DE20C8 /* NYCRXSchools */ = {
			isa = PBXGroup;
			children = (
				4D590D19294BA39B00DE20C8 /* AppDelegate.swift */,
				4D590D1B294BA39B00DE20C8 /* SceneDelegate.swift */,
				4D590D1D294BA39B00DE20C8 /* ViewController.swift */,
				4D536FCE299C1DBA0054334A /* SchoolAPI.swift */,
				4D536FCD299C1DB90054334A /* SchoolListViewModel.swift */,
				4D590D1F294BA39B00DE20C8 /* Main.storyboard */,
				4D590D22294BA3A100DE20C8 /* Assets.xcassets */,
				4D590D24294BA3A100DE20C8 /* LaunchScreen.storyboard */,
				4D590D27294BA3A100DE20C8 /* Info.plist */,
				4D536FD1299C1EE80054334A /* SchoolListViewCell.swift */,
				4D536FD3299C264E0054334A /* School.swift */,
				4D536FD5299C2C960054334A /* SchoolSAT.swift */,
				4D536FD7299C55720054334A /* DetailsViewController.swift */,
			);
			path = NYCRXSchools;
			sourceTree = "<group>";
		};
		4D590D2F294BA3A100DE20C8 /* NYCRXSchoolsTests */ = {
			isa = PBXGroup;
			children = (
				4D590D30294BA3A100DE20C8 /* NYCRXSchoolsTests.swift */,
				4D590D32294BA3A100DE20C8 /* Info.plist */,
			);
			path = NYCRXSchoolsTests;
			sourceTree = "<group>";
		};
		4D590D3A294BA3A100DE20C8 /* NYCRXSchoolsUITests */ = {
			isa = PBXGroup;
			children = (
				4D590D3B294BA3A100DE20C8 /* NYCRXSchoolsUITests.swift */,
				4D590D3D294BA3A100DE20C8 /* Info.plist */,
			);
			path = NYCRXSchoolsUITests;
			sourceTree = "<group>";
		};
/* End PBXGroup section */

/* Begin PBXNativeTarget section */
		4D590D15294BA39B00DE20C8 /* NYCRXSchools */ = {
			isa = PBXNativeTarget;
			buildConfigurationList = 4D590D40294BA3A100DE20C8 /* Build configuration list for PBXNativeTarget "NYCRXSchools" */;
			buildPhases = (
				4D590D12294BA39B00DE20C8 /* Sources */,
				4D590D13294BA39B00DE20C8 /* Frameworks */,
				4D590D14294BA39B00DE20C8 /* Resources */,
			);
			buildRules = (
			);
			dependencies = (
			);
			name = NYCRXSchools;
			productName = NYCRXSchools;
			productReference = 4D590D16294BA39B00DE20C8 /* NYCRXSchools.app */;
			productType = "com.apple.product-type.application";
		};
		4D590D2B294BA3A100DE20C8 /* NYCRXSchoolsTests */ = {
			isa = PBXNativeTarget;
			buildConfigurationList = 4D590D43294BA3A100DE20C8 /* Build configuration list for PBXNativeTarget "NYCRXSchoolsTests" */;
			buildPhases = (
				4D590D28294BA3A100DE20C8 /* Sources */,
				4D590D29294BA3A100DE20C8 /* Frameworks */,
				4D590D2A294BA3A100DE20C8 /* Resources */,
			);
			buildRules = (
			);
			dependencies = (
				4D590D2E294BA3A100DE20C8 /* PBXTargetDependency */,
			);
			name = NYCRXSchoolsTests;
			productName = NYCRXSchoolsTests;
			productReference = 4D590D2C294BA3A100DE20C8 /* NYCRXSchoolsTests.xctest */;
			productType = "com.apple.product-type.bundle.unit-test";
		};
		4D590D36294BA3A100DE20C8 /* NYCRXSchoolsUITests */ = {
			isa = PBXNativeTarget;
			buildConfigurationList = 4D590D46294BA3A100DE20C8 /* Build configuration list for PBXNativeTarget "NYCRXSchoolsUITests" */;
			buildPhases = (
				4D590D33294BA3A100DE20C8 /* Sources */,
				4D590D34294BA3A100DE20C8 /* Frameworks */,
				4D590D35294BA3A100DE20C8 /* Resources */,
			);
			buildRules = (
			);
			dependencies = (
				4D590D39294BA3A100DE20C8 /* PBXTargetDependency */,
			);
			name = NYCRXSchoolsUITests;
			productName = NYCRXSchoolsUITests;
			productReference = 4D590D37294BA3A100DE20C8 /* NYCRXSchoolsUITests.xctest */;
			productType = "com.apple.product-type.bundle.ui-testing";
		};
/* End PBXNativeTarget section */

/* Begin PBXProject section */
		4D590D0E294BA39B00DE20C8 /* Project object */ = {
			isa = PBXProject;
			attributes = {
				LastSwiftUpdateCheck = 1250;
				LastUpgradeCheck = 1250;
				TargetAttributes = {
					4D590D15294BA39B00DE20C8 = {
						CreatedOnToolsVersion = 12.5.1;
					};
					4D590D2B294BA3A100DE20C8 = {
						CreatedOnToolsVersion = 12.5.1;
						TestTargetID = 4D590D15294BA39B00DE20C8;
					};
					4D590D36294BA3A100DE20C8 = {
						CreatedOnToolsVersion = 12.5.1;
						TestTargetID = 4D590D15294BA39B00DE20C8;
					};
				};
			};
			buildConfigurationList = 4D590D11294BA39B00DE20C8 /* Build configuration list for PBXProject "NYCRXSchools" */;
			compatibilityVersion = "Xcode 9.3";
			developmentRegion = en;
			hasScannedForEncodings = 0;
			knownRegions = (
				en,
				Base,
			);
			mainGroup = 4D590D0D294BA39B00DE20C8;
			productRefGroup = 4D590D17294BA39B00DE20C8 /* Products */;
			projectDirPath = "";
			projectRoot = "";
			targets = (
				4D590D15294BA39B00DE20C8 /* NYCRXSchools */,
				4D590D2B294BA3A100DE20C8 /* NYCRXSchoolsTests */,
				4D590D36294BA3A100DE20C8 /* NYCRXSchoolsUITests */,
			);
		};
/* End PBXProject section */

/* Begin PBXResourcesBuildPhase section */
		4D590D14294BA39B00DE20C8 /* Resources */ = {
			isa = PBXResourcesBuildPhase;
			buildActionMask = 2147483647;
			files = (
				4D590D26294BA3A100DE20C8 /* LaunchScreen.storyboard in Resources */,
				4D590D23294BA3A100DE20C8 /* Assets.xcassets in Resources */,
				4D590D21294BA39B00DE20C8 /* Main.storyboard in Resources */,
			);
			runOnlyForDeploymentPostprocessing = 0;
		};
		4D590D2A294BA3A100DE20C8 /* Resources */ = {
			isa = PBXResourcesBuildPhase;
			buildActionMask = 2147483647;
			files = (
			);
			runOnlyForDeploymentPostprocessing = 0;
		};
		4D590D35294BA3A100DE20C8 /* Resources */ = {
			isa = PBXResourcesBuildPhase;
			buildActionMask = 2147483647;
			files = (
			);
			runOnlyForDeploymentPostprocessing = 0;
		};
/* End PBXResourcesBuildPhase section */

/* Begin PBXSourcesBuildPhase section */
		4D590D12294BA39B00DE20C8 /* Sources */ = {
			isa = PBXSourcesBuildPhase;
			buildActionMask = 2147483647;
			files = (
				4D536FD4299C264E0054334A /* School.swift in Sources */,
				4D536FD0299C1DBA0054334A /* SchoolAPI.swift in Sources */,
				4D536FD8299C55720054334A /* DetailsViewController.swift in Sources */,
				4D536FD6299C2C960054334A /* SchoolSAT.swift in Sources */,
				4D536FCF299C1DBA0054334A /* SchoolListViewModel.swift in Sources */,
				4D536FD2299C1EE80054334A /* SchoolListViewCell.swift in Sources */,
				4D590D1E294BA39B00DE20C8 /* ViewController.swift in Sources */,
				4D590D1A294BA39B00DE20C8 /* AppDelegate.swift in Sources */,
				4D590D1C294BA39B00DE20C8 /* SceneDelegate.swift in Sources */,
			);
			runOnlyForDeploymentPostprocessing = 0;
		};
		4D590D28294BA3A100DE20C8 /* Sources */ = {
			isa = PBXSourcesBuildPhase;
			buildActionMask = 2147483647;
			files = (
				4D590D31294BA3A100DE20C8 /* NYCRXSchoolsTests.swift in Sources */,
			);
			runOnlyForDeploymentPostprocessing = 0;
		};
		4D590D33294BA3A100DE20C8 /* Sources */ = {
			isa = PBXSourcesBuildPhase;
			buildActionMask = 2147483647;
			files = (
				4D590D3C294BA3A100DE20C8 /* NYCRXSchoolsUITests.swift in Sources */,
			);
			runOnlyForDeploymentPostprocessing = 0;
		};
/* End PBXSourcesBuildPhase section */

/* Begin PBXTargetDependency section */
		4D590D2E294BA3A100DE20C8 /* PBXTargetDependency */ = {
			isa = PBXTargetDependency;
			target = 4D590D15294BA39B00DE20C8 /* NYCRXSchools */;
			targetProxy = 4D590D2D294BA3A100DE20C8 /* PBXContainerItemProxy */;
		};
		4D590D39294BA3A100DE20C8 /* PBXTargetDependency */ = {
			isa = PBXTargetDependency;
			target = 4D590D15294BA39B00DE20C8 /* NYCRXSchools */;
			targetProxy = 4D590D38294BA3A100DE20C8 /* PBXContainerItemProxy */;
		};
/* End PBXTargetDependency section */

/* Begin PBXVariantGroup section */
		4D590D1F294BA39B00DE20C8 /* Main.storyboard */ = {
			isa = PBXVariantGroup;
			children = (
				4D590D20294BA39B00DE20C8 /* Base */,
			);
			name = Main.storyboard;
			sourceTree = "<group>";
		};
		4D590D24294BA3A100DE20C8 /* LaunchScreen.storyboard */ = {
			isa = PBXVariantGroup;
			children = (
				4D590D25294BA3A100DE20C8 /* Base */,
			);
			name = LaunchScreen.storyboard;
			sourceTree = "<group>";
		};
/* End PBXVariantGroup section */

/* Begin XCBuildConfiguration section */
		4D590D3E294BA3A100DE20C8 /* Debug */ = {
			isa = XCBuildConfiguration;
			buildSettings = {
				ALWAYS_SEARCH_USER_PATHS = NO;
				CLANG_ANALYZER_NONNULL = YES;
				CLANG_ANALYZER_NUMBER_OBJECT_CONVERSION = YES_AGGRESSIVE;
				CLANG_CXX_LANGUAGE_STANDARD = "gnu++14";
				CLANG_CXX_LIBRARY = "libc++";
				CLANG_ENABLE_MODULES = YES;
				CLANG_ENABLE_OBJC_ARC = YES;
				CLANG_ENABLE_OBJC_WEAK = YES;
				CLANG_WARN_BLOCK_CAPTURE_AUTORELEASING = YES;
				CLANG_WARN_BOOL_CONVERSION = YES;
				CLANG_WARN_COMMA = YES;
				CLANG_WARN_CONSTANT_CONVERSION = YES;
				CLANG_WARN_DEPRECATED_OBJC_IMPLEMENTATIONS = YES;
				CLANG_WARN_DIRECT_OBJC_ISA_USAGE = YES_ERROR;
				CLANG_WARN_DOCUMENTATION_COMMENTS = YES;
				CLANG_WARN_EMPTY_BODY = YES;
				CLANG_WARN_ENUM_CONVERSION = YES;
				CLANG_WARN_INFINITE_RECURSION = YES;
				CLANG_WARN_INT_CONVERSION = YES;
				CLANG_WARN_NON_LITERAL_NULL_CONVERSION = YES;
				CLANG_WARN_OBJC_IMPLICIT_RETAIN_SELF = YES;
				CLANG_WARN_OBJC_LITERAL_CONVERSION = YES;
				CLANG_WARN_OBJC_ROOT_CLASS = YES_ERROR;
				CLANG_WARN_QUOTED_INCLUDE_IN_FRAMEWORK_HEADER = YES;
				CLANG_WARN_RANGE_LOOP_ANALYSIS = YES;
				CLANG_WARN_STRICT_PROTOTYPES = YES;
				CLANG_WARN_SUSPICIOUS_MOVE = YES;
				CLANG_WARN_UNGUARDED_AVAILABILITY = YES_AGGRESSIVE;
				CLANG_WARN_UNREACHABLE_CODE = YES;
				CLANG_WARN__DUPLICATE_METHOD_MATCH = YES;
				COPY_PHASE_STRIP = NO;
				DEBUG_INFORMATION_FORMAT = dwarf;
				ENABLE_STRICT_OBJC_MSGSEND = YES;
				ENABLE_TESTABILITY = YES;
				GCC_C_LANGUAGE_STANDARD = gnu11;
				GCC_DYNAMIC_NO_PIC = NO;
				GCC_NO_COMMON_BLOCKS = YES;
				GCC_OPTIMIZATION_LEVEL = 0;
				GCC_PREPROCESSOR_DEFINITIONS = (
					"DEBUG=1",
					"$(inherited)",
				);
				GCC_WARN_64_TO_32_BIT_CONVERSION = YES;
				GCC_WARN_ABOUT_RETURN_TYPE = YES_ERROR;
				GCC_WARN_UNDECLARED_SELECTOR = YES;
				GCC_WARN_UNINITIALIZED_AUTOS = YES_AGGRESSIVE;
				GCC_WARN_UNUSED_FUNCTION = YES;
				GCC_WARN_UNUSED_VARIABLE = YES;
				IPHONEOS_DEPLOYMENT_TARGET = 14.5;
				MTL_ENABLE_DEBUG_INFO = INCLUDE_SOURCE;
				MTL_FAST_MATH = YES;
				ONLY_ACTIVE_ARCH = YES;
				SDKROOT = iphoneos;
				SWIFT_ACTIVE_COMPILATION_CONDITIONS = DEBUG;
				SWIFT_OPTIMIZATION_LEVEL = "-Onone";
			};
			name = Debug;
		};
		4D590D3F294BA3A100DE20C8 /* Release */ = {
			isa = XCBuildConfiguration;
			buildSettings = {
				ALWAYS_SEARCH_USER_PATHS = NO;
				CLANG_ANALYZER_NONNULL = YES;
				CLANG_ANALYZER_NUMBER_OBJECT_CONVERSION = YES_AGGRESSIVE;
				CLANG_CXX_LANGUAGE_STANDARD = "gnu++14";
				CLANG_CXX_LIBRARY = "libc++";
				CLANG_ENABLE_MODULES = YES;
				CLANG_ENABLE_OBJC_ARC = YES;
				CLANG_ENABLE_OBJC_WEAK = YES;
				CLANG_WARN_BLOCK_CAPTURE_AUTORELEASING = YES;
				CLANG_WARN_BOOL_CONVERSION = YES;
				CLANG_WARN_COMMA = YES;
				CLANG_WARN_CONSTANT_CONVERSION = YES;
				CLANG_WARN_DEPRECATED_OBJC_IMPLEMENTATIONS = YES;
				CLANG_WARN_DIRECT_OBJC_ISA_USAGE = YES_ERROR;
				CLANG_WARN_DOCUMENTATION_COMMENTS = YES;
				CLANG_WARN_EMPTY_BODY = YES;
				CLANG_WARN_ENUM_CONVERSION = YES;
				CLANG_WARN_INFINITE_RECURSION = YES;
				CLANG_WARN_INT_CONVERSION = YES;
				CLANG_WARN_NON_LITERAL_NULL_CONVERSION = YES;
				CLANG_WARN_OBJC_IMPLICIT_RETAIN_SELF = YES;
				CLANG_WARN_OBJC_LITERAL_CONVERSION = YES;
				CLANG_WARN_OBJC_ROOT_CLASS = YES_ERROR;
				CLANG_WARN_QUOTED_INCLUDE_IN_FRAMEWORK_HEADER = YES;
				CLANG_WARN_RANGE_LOOP_ANALYSIS = YES;
				CLANG_WARN_STRICT_PROTOTYPES = YES;
				CLANG_WARN_SUSPICIOUS_MOVE = YES;
				CLANG_WARN_UNGUARDED_AVAILABILITY = YES_AGGRESSIVE;
				CLANG_WARN_UNREACHABLE_CODE = YES;
				CLANG_WARN__DUPLICATE_METHOD_MATCH = YES;
				COPY_PHASE_STRIP = NO;
				DEBUG_INFORMATION_FORMAT = "dwarf-with-dsym";
				ENABLE_NS_ASSERTIONS = NO;
				ENABLE_STRICT_OBJC_MSGSEND = YES;
				GCC_C_LANGUAGE_STANDARD = gnu11;
				GCC_NO_COMMON_BLOCKS = YES;
				GCC_WARN_64_TO_32_BIT_CONVERSION = YES;
				GCC_WARN_ABOUT_RETURN_TYPE = YES_ERROR;
				GCC_WARN_UNDECLARED_SELECTOR = YES;
				GCC_WARN_UNINITIALIZED_AUTOS = YES_AGGRESSIVE;
				GCC_WARN_UNUSED_FUNCTION = YES;
				GCC_WARN_UNUSED_VARIABLE = YES;
				IPHONEOS_DEPLOYMENT_TARGET = 14.5;
				MTL_ENABLE_DEBUG_INFO = NO;
				MTL_FAST_MATH = YES;
				SDKROOT = iphoneos;
				SWIFT_COMPILATION_MODE = wholemodule;
				SWIFT_OPTIMIZATION_LEVEL = "-O";
				VALIDATE_PRODUCT = YES;
			};
			name = Release;
		};
		4D590D41294BA3A100DE20C8 /* Debug */ = {
			isa = XCBuildConfiguration;
			buildSettings = {
				ASSETCATALOG_COMPILER_APPICON_NAME = AppIcon;
				ASSETCATALOG_COMPILER_GLOBAL_ACCENT_COLOR_NAME = AccentColor;
				CODE_SIGN_STYLE = Automatic;
				DEVELOPMENT_TEAM = 2YRMNUR4L7;
				INFOPLIST_FILE = NYCRXSchools/Info.plist;
				LD_RUNPATH_SEARCH_PATHS = (
					"$(inherited)",
					"@executable_path/Frameworks",
				);
				PRODUCT_BUNDLE_IDENTIFIER = JJR.NYCRXSchools;
				PRODUCT_NAME = "$(TARGET_NAME)";
				SWIFT_VERSION = 5.0;
				TARGETED_DEVICE_FAMILY = "1,2";
			};
			name = Debug;
		};
		4D590D42294BA3A100DE20C8 /* Release */ = {
			isa = XCBuildConfiguration;
			buildSettings = {
				ASSETCATALOG_COMPILER_APPICON_NAME = AppIcon;
				ASSETCATALOG_COMPILER_GLOBAL_ACCENT_COLOR_NAME = AccentColor;
				CODE_SIGN_STYLE = Automatic;
				DEVELOPMENT_TEAM = 2YRMNUR4L7;
				INFOPLIST_FILE = NYCRXSchools/Info.plist;
				LD_RUNPATH_SEARCH_PATHS = (
					"$(inherited)",
					"@executable_path/Frameworks",
				);
				PRODUCT_BUNDLE_IDENTIFIER = JJR.NYCRXSchools;
				PRODUCT_NAME = "$(TARGET_NAME)";
				SWIFT_VERSION = 5.0;
				TARGETED_DEVICE_FAMILY = "1,2";
			};
			name = Release;
		};
		4D590D44294BA3A100DE20C8 /* Debug */ = {
			isa = XCBuildConfiguration;
			buildSettings = {
				ALWAYS_EMBED_SWIFT_STANDARD_LIBRARIES = YES;
				BUNDLE_LOADER = "$(TEST_HOST)";
				CODE_SIGN_STYLE = Automatic;
				DEVELOPMENT_TEAM = 2YRMNUR4L7;
				INFOPLIST_FILE = NYCRXSchoolsTests/Info.plist;
				IPHONEOS_DEPLOYMENT_TARGET = 14.5;
				LD_RUNPATH_SEARCH_PATHS = (
					"$(inherited)",
					"@executable_path/Frameworks",
					"@loader_path/Frameworks",
				);
				PRODUCT_BUNDLE_IDENTIFIER = JJR.NYCRXSchoolsTests;
				PRODUCT_NAME = "$(TARGET_NAME)";
				SWIFT_VERSION = 5.0;
				TARGETED_DEVICE_FAMILY = "1,2";
				TEST_HOST = "$(BUILT_PRODUCTS_DIR)/NYCRXSchools.app/NYCRXSchools";
			};
			name = Debug;
		};
		4D590D45294BA3A100DE20C8 /* Release */ = {
			isa = XCBuildConfiguration;
			buildSettings = {
				ALWAYS_EMBED_SWIFT_STANDARD_LIBRARIES = YES;
				BUNDLE_LOADER = "$(TEST_HOST)";
				CODE_SIGN_STYLE = Automatic;
				DEVELOPMENT_TEAM = 2YRMNUR4L7;
				INFOPLIST_FILE = NYCRXSchoolsTests/Info.plist;
				IPHONEOS_DEPLOYMENT_TARGET = 14.5;
				LD_RUNPATH_SEARCH_PATHS = (
					"$(inherited)",
					"@executable_path/Frameworks",
					"@loader_path/Frameworks",
				);
				PRODUCT_BUNDLE_IDENTIFIER = JJR.NYCRXSchoolsTests;
				PRODUCT_NAME = "$(TARGET_NAME)";
				SWIFT_VERSION = 5.0;
				TARGETED_DEVICE_FAMILY = "1,2";
				TEST_HOST = "$(BUILT_PRODUCTS_DIR)/NYCRXSchools.app/NYCRXSchools";
			};
			name = Release;
		};
		4D590D47294BA3A100DE20C8 /* Debug */ = {
			isa = XCBuildConfiguration;
			buildSettings = {
				ALWAYS_EMBED_SWIFT_STANDARD_LIBRARIES = YES;
				CODE_SIGN_STYLE = Automatic;
				DEVELOPMENT_TEAM = 2YRMNUR4L7;
				INFOPLIST_FILE = NYCRXSchoolsUITests/Info.plist;
				LD_RUNPATH_SEARCH_PATHS = (
					"$(inherited)",
					"@executable_path/Frameworks",
					"@loader_path/Frameworks",
				);
				PRODUCT_BUNDLE_IDENTIFIER = JJR.NYCRXSchoolsUITests;
				PRODUCT_NAME = "$(TARGET_NAME)";
				SWIFT_VERSION = 5.0;
				TARGETED_DEVICE_FAMILY = "1,2";
				TEST_TARGET_NAME = NYCRXSchools;
			};
			name = Debug;
		};
		4D590D48294BA3A100DE20C8 /* Release */ = {
			isa = XCBuildConfiguration;
			buildSettings = {
				ALWAYS_EMBED_SWIFT_STANDARD_LIBRARIES = YES;
				CODE_SIGN_STYLE = Automatic;
				DEVELOPMENT_TEAM = 2YRMNUR4L7;
				INFOPLIST_FILE = NYCRXSchoolsUITests/Info.plist;
				LD_RUNPATH_SEARCH_PATHS = (
					"$(inherited)",
					"@executable_path/Frameworks",
					"@loader_path/Frameworks",
				);
				PRODUCT_BUNDLE_IDENTIFIER = JJR.NYCRXSchoolsUITests;
				PRODUCT_NAME = "$(TARGET_NAME)";
				SWIFT_VERSION = 5.0;
				TARGETED_DEVICE_FAMILY = "1,2";
				TEST_TARGET_NAME = NYCRXSchools;
			};
			name = Release;
		};
/* End XCBuildConfiguration section */

/* Begin XCConfigurationList section */
		4D590D11294BA39B00DE20C8 /* Build configuration list for PBXProject "NYCRXSchools" */ = {
			isa = XCConfigurationList;
			buildConfigurations = (
				4D590D3E294BA3A100DE20C8 /* Debug */,
				4D590D3F294BA3A100DE20C8 /* Release */,
			);
			defaultConfigurationIsVisible = 0;
			defaultConfigurationName = Release;
		};
		4D590D40294BA3A100DE20C8 /* Build configuration list for PBXNativeTarget "NYCRXSchools" */ = {
			isa = XCConfigurationList;
			buildConfigurations = (
				4D590D41294BA3A100DE20C8 /* Debug */,
				4D590D42294BA3A100DE20C8 /* Release */,
			);
			defaultConfigurationIsVisible = 0;
			defaultConfigurationName = Release;
		};
		4D590D43294BA3A100DE20C8 /* Build configuration list for PBXNativeTarget "NYCRXSchoolsTests" */ = {
			isa = XCConfigurationList;
			buildConfigurations = (
				4D590D44294BA3A100DE20C8 /* Debug */,
				4D590D45294BA3A100DE20C8 /* Release */,
			);
			defaultConfigurationIsVisible = 0;
			defaultConfigurationName = Release;
		};
		4D590D46294BA3A100DE20C8 /* Build configuration list for PBXNativeTarget "NYCRXSchoolsUITests" */ = {
			isa = XCConfigurationList;
			buildConfigurations = (
				4D590D47294BA3A100DE20C8 /* Debug */,
				4D590D48294BA3A100DE20C8 /* Release */,
			);
			defaultConfigurationIsVisible = 0;
			defaultConfigurationName = Release;
		};
/* End XCConfigurationList section */
	};
	rootObject = 4D590D0E294BA39B00DE20C8 /* Project object */;
}
